
Microsoft Visual Studio Solution File, Format Version 12.00
# Visual Studio Version 17
VisualStudioVersion = 17.11.35312.102
MinimumVisualStudioVersion = 10.0.40219.1
Project("{9A19103F-16F7-4668-BE54-9A1E7A4F7556}") = "ExpenseTracker", "ExpenseTracker\ExpenseTracker.csproj", "{CCE91C77-E5E4-4485-83F2-353AA112DCB9}"
EndProject
Project("{9A19103F-16F7-4668-BE54-9A1E7A4F7556}") = "DAL", "DAL\DAL.csproj", "{2F3B432B-098C-43C1-BE72-70BE2AB127E5}"
EndProject
Global
	GlobalSection(SolutionConfigurationPlatforms) = preSolution
		Debug|Any CPU = Debug|Any CPU
		Release|Any CPU = Release|Any CPU
	EndGlobalSection
	GlobalSection(ProjectConfigurationPlatforms) = postSolution
		{CCE91C77-E5E4-4485-83F2-353AA112DCB9}.Debug|Any CPU.ActiveCfg = Debug|Any CPU
		{CCE91C77-E5E4-4485-83F2-353AA112DCB9}.Debug|Any CPU.Build.0 = Debug|Any CPU
		{CCE91C77-E5E4-4485-83F2-353AA112DCB9}.Release|Any CPU.ActiveCfg = Release|Any CPU
		{CCE91C77-E5E4-4485-83F2-353AA112DCB9}.Release|Any CPU.Build.0 = Release|Any CPU
		{2F3B432B-098C-43C1-BE72-70BE2AB127E5}.Debug|Any CPU.ActiveCfg = Debug|Any CPU
		{2F3B432B-098C-43C1-BE72-70BE2AB127E5}.Debug|Any CPU.Build.0 = Debug|Any CPU
		{2F3B432B-098C-43C1-BE72-70BE2AB127E5}.Release|Any CPU.ActiveCfg = Release|Any CPU
		{2F3B432B-098C-43C1-BE72-70BE2AB127E5}.Release|Any CPU.Build.0 = Release|Any CPU
	EndGlobalSection
	GlobalSection(SolutionProperties) = preSolution
		HideSolutionNode = FALSE
	EndGlobalSection
	GlobalSection(ExtensibilityGlobals) = postSolution
		SolutionGuid = {3E6D7E8D-3CED-41F0-9D56-3B95331119D6}
	EndGlobalSection
EndGlobal
